
Microsoft Visual Studio Solution File, Format Version 12.00
# Visual Studio Version 16
VisualStudioVersion = 16.0.31105.61
MinimumVisualStudioVersion = 10.0.40219.1
Project("{FAE04EC0-301F-11D3-BF4B-00C04F79EFBC}") = "Bookmarker", "Bookmarker\Bookmarker.csproj", "{B79CC3C2-02F8-400C-B0C8-7C3C367FBFBD}"
EndProject
Global
	GlobalSection(SolutionConfigurationPlatforms) = preSolution
		Debug|Any CPU = Debug|Any CPU
		Release|Any CPU = Release|Any CPU
	EndGlobalSection
	GlobalSection(ProjectConfigurationPlatforms) = postSolution
		{B79CC3C2-02F8-400C-B0C8-7C3C367FBFBD}.Debug|Any CPU.ActiveCfg = Debug|Any CPU
		{B79CC3C2-02F8-400C-B0C8-7C3C367FBFBD}.Debug|Any CPU.Build.0 = Debug|Any CPU
		{B79CC3C2-02F8-400C-B0C8-7C3C367FBFBD}.Release|Any CPU.ActiveCfg = Release|Any CPU
		{B79CC3C2-02F8-400C-B0C8-7C3C367FBFBD}.Release|Any CPU.Build.0 = Release|Any CPU
	EndGlobalSection
	GlobalSection(SolutionProperties) = preSolution
		HideSolutionNode = FALSE
	EndGlobalSection
	GlobalSection(ExtensibilityGlobals) = postSolution
		SolutionGuid = {917EBF09-09CA-485D-9C61-C5D0730A888E}
	EndGlobalSection
EndGlobal
